{
  "name": "enigma",
  "version": "1.0.0",
  "lockfileVersion": 1,
  "requires": true,
  "dependencies": {
    "pako": {
      "version": "0.2.9",
      "resolved": "https://registry.npmjs.org/pako/-/pako-0.2.9.tgz",
      "integrity": "sha1-8/dSL073gjSNqBYbrZ7P1Rv4OnU=",
      "optional": true
    },
    "qr-image": {
      "version": "3.1.0",
      "resolved": "https://registry.npmjs.org/qr-image/-/qr-image-3.1.0.tgz",
      "integrity": "sha1-p/cizn0Rr7c2loNK3kBAVrtS9I4=",
      "requires": {
        "pako": "^0.2.5"
      }
    }
  }
}
